
Microsoft Visual Studio Solution File, Format Version 12.00
# Visual Studio Version 16
VisualStudioVersion = 16.0.33214.272
MinimumVisualStudioVersion = 10.0.40219.1
Project("{FAE04EC0-301F-11D3-BF4B-00C04F79EFBC}") = "FinalWindow", "FinalWindow.csproj", "{6C94FFCE-2898-4873-8944-7C501A07D930}"
EndProject
Global
	GlobalSection(SolutionConfigurationPlatforms) = preSolution
		Debug|Any CPU = Debug|Any CPU
		Release|Any CPU = Release|Any CPU
	EndGlobalSection
	GlobalSection(ProjectConfigurationPlatforms) = postSolution
		{6C94FFCE-2898-4873-8944-7C501A07D930}.Debug|Any CPU.ActiveCfg = Debug|Any CPU
		{6C94FFCE-2898-4873-8944-7C501A07D930}.Debug|Any CPU.Build.0 = Debug|Any CPU
		{6C94FFCE-2898-4873-8944-7C501A07D930}.Release|Any CPU.ActiveCfg = Release|Any CPU
		{6C94FFCE-2898-4873-8944-7C501A07D930}.Release|Any CPU.Build.0 = Release|Any CPU
	EndGlobalSection
	GlobalSection(SolutionProperties) = preSolution
		HideSolutionNode = FALSE
	EndGlobalSection
	GlobalSection(ExtensibilityGlobals) = postSolution
		SolutionGuid = {1E9139B9-C3EE-4883-8E29-D83D33E61746}
	EndGlobalSection
EndGlobal
